// !$*UTF8*$!
{
	archiveVersion = 1;
	classes = {
	};
	objectVersion = 77;
	objects = {

/* Begin PBXBuildFile section */
		0D08A7A78CD6AAB6C4F15AB6 /* AppRuntime.swift in Sources */ = {isa = PBXBuildFile; fileRef = DB92A27DD15BC2C78D87BDF2 /* AppRuntime.swift */; };
		1C2990DD3B872F0F8E073742 /* AppRuntime.swift in Sources */ = {isa = PBXBuildFile; fileRef = DB92A27DD15BC2C78D87BDF2 /* AppRuntime.swift */; };
		2E9D69E94322C4D4B4E7284E /* SmartMovieApp.swift in Sources */ = {isa = PBXBuildFile; fileRef = A99B0E5B46B48BC1676BC2CF /* SmartMovieApp.swift */; };
		3C11DF2B9D0C2B4B714B4235 /* SmartMovieNativeApp.swift in Sources */ = {isa = PBXBuildFile; fileRef = 3C6A8DDA9A34E0FE61E69A96 /* SmartMovieNativeApp.swift */; };
		4A09F30208C082025626FCD7 /* SmartMovieKit in Frameworks */ = {isa = PBXBuildFile; productRef = 164A9F72D5C8ABDC6E7AA236 /* SmartMovieKit */; };
		4CC0B2F2A6FCA0D790DBB7D9 /* SmartMovieApp.swift in Sources */ = {isa = PBXBuildFile; fileRef = A99B0E5B46B48BC1676BC2CF /* SmartMovieApp.swift */; };
		67601470B470E2FA1121C77B /* Assets.xcassets in Resources */ = {isa = PBXBuildFile; fileRef = F85CC962DB9DE1290EF2BA6D /* Assets.xcassets */; };
		69A5814C667A0FBA3C95947E /* AppRuntime.swift in Sources */ = {isa = PBXBuildFile; fileRef = DB92A27DD15BC2C78D87BDF2 /* AppRuntime.swift */; };
		730B25DBCDFCBFD69B91D97C /* SmartMovieKit in Frameworks */ = {isa = PBXBuildFile; productRef = 01D2C8913C5F6A76F713FDDE /* SmartMovieKit */; };
		9731C54EC66AD51767B79035 /* SmartMovieKit in Frameworks */ = {isa = PBXBuildFile; productRef = 09D8AEDDAC9E8955DCA4F68E /* SmartMovieKit */; };
		CA5EDA97D089CECC4DFEF6D6 /* Assets.xcassets in Resources */ = {isa = PBXBuildFile; fileRef = F85CC962DB9DE1290EF2BA6D /* Assets.xcassets */; };
		FFFCCE267803DFF3F4467840 /* Assets.xcassets in Resources */ = {isa = PBXBuildFile; fileRef = F85CC962DB9DE1290EF2BA6D /* Assets.xcassets */; };
/* End PBXBuildFile section */

/* Begin PBXFileReference section */
		1BF7E187505DD9509C6010DF /* SmartMovieKit */ = {isa = PBXFileReference; lastKnownFileType = folder; name = SmartMovieKit; path = ../SmartMovieKit; sourceTree = SOURCE_ROOT; };
		3C6A8DDA9A34E0FE61E69A96 /* SmartMovieNativeApp.swift */ = {isa = PBXFileReference; lastKnownFileType = sourcecode.swift; path = SmartMovieNativeApp.swift; sourceTree = "<group>"; };
		3D88F68B4A3CEFA21827097A /* SmartMovieNativeMac.app */ = {isa = PBXFileReference; explicitFileType = wrapper.application; includeInIndex = 0; path = SmartMovieNativeMac.app; sourceTree = BUILT_PRODUCTS_DIR; };
		444883642F866E9D12868F90 /* SmartMovie.entitlements */ = {isa = PBXFileReference; lastKnownFileType = text.plist.entitlements; path = SmartMovie.entitlements; sourceTree = "<group>"; };
		57029DCF0637A2303DB24217 /* SmartMovieNative.entitlements */ = {isa = PBXFileReference; lastKnownFileType = text.plist.entitlements; path = SmartMovieNative.entitlements; sourceTree = "<group>"; };
		5926056AF18D2AA11D553B4F /* SmartMovieTV.app */ = {isa = PBXFileReference; includeInIndex = 0; lastKnownFileType = wrapper.application; path = SmartMovieTV.app; sourceTree = BUILT_PRODUCTS_DIR; };
		A99B0E5B46B48BC1676BC2CF /* SmartMovieApp.swift */ = {isa = PBXFileReference; lastKnownFileType = sourcecode.swift; path = SmartMovieApp.swift; sourceTree = "<group>"; };
		CF86635291D0B3F85B1E288B /* SmartMovie.app */ = {isa = PBXFileReference; includeInIndex = 0; lastKnownFileType = wrapper.application; path = SmartMovie.app; sourceTree = BUILT_PRODUCTS_DIR; };
		DB92A27DD15BC2C78D87BDF2 /* AppRuntime.swift */ = {isa = PBXFileReference; lastKnownFileType = sourcecode.swift; path = AppRuntime.swift; sourceTree = "<group>"; };
		F85CC962DB9DE1290EF2BA6D /* Assets.xcassets */ = {isa = PBXFileReference; lastKnownFileType = folder.assetcatalog; path = Assets.xcassets; sourceTree = "<group>"; };
/* End PBXFileReference section */

/* Begin PBXFrameworksBuildPhase section */
		3D9D97A0F65736D8D36D335F /* Frameworks */ = {
			isa = PBXFrameworksBuildPhase;
			buildActionMask = 2147483647;
			files = (
				4A09F30208C082025626FCD7 /* SmartMovieKit in Frameworks */,
			);
			runOnlyForDeploymentPostprocessing = 0;
		};
		5B8F3CA59067E692BD7FE1FA /* Frameworks */ = {
			isa = PBXFrameworksBuildPhase;
			buildActionMask = 2147483647;
			files = (
				730B25DBCDFCBFD69B91D97C /* SmartMovieKit in Frameworks */,
			);
			runOnlyForDeploymentPostprocessing = 0;
		};
		E6EB8002EB84EF8A945A3A3F /* Frameworks */ = {
			isa = PBXFrameworksBuildPhase;
			buildActionMask = 2147483647;
			files = (
				9731C54EC66AD51767B79035 /* SmartMovieKit in Frameworks */,
			);
			runOnlyForDeploymentPostprocessing = 0;
		};
/* End PBXFrameworksBuildPhase section */

/* Begin PBXGroup section */
		044E2168BF300C7F3B484E72 /* Products */ = {
			isa = PBXGroup;
			children = (
				CF86635291D0B3F85B1E288B /* SmartMovie.app */,
				3D88F68B4A3CEFA21827097A /* SmartMovieNativeMac.app */,
				5926056AF18D2AA11D553B4F /* SmartMovieTV.app */,
			);
			name = Products;
			sourceTree = "<group>";
		};
		0DE5162C5267DF6AA51DC729 = {
			isa = PBXGroup;
			children = (
				49A3351A310A29DFA4E7D580 /* Apps */,
				44D1DAE5E1425E5BF5730E42 /* Packages */,
				567CE0F070DA6F62DAF18731 /* SmartMovie */,
				044E2168BF300C7F3B484E72 /* Products */,
			);
			sourceTree = "<group>";
		};
		44D1DAE5E1425E5BF5730E42 /* Packages */ = {
			isa = PBXGroup;
			children = (
				1BF7E187505DD9509C6010DF /* SmartMovieKit */,
			);
			name = Packages;
			sourceTree = "<group>";
		};
		49A3351A310A29DFA4E7D580 /* Apps */ = {
			isa = PBXGroup;
			children = (
				6AC4E4AE8D36B94527BA4F91 /* NativeMac */,
				CF85DEB513C4AA8FAC577E05 /* Shared */,
				BC1984247610A1CA650B3688 /* Universal */,
			);
			path = Apps;
			sourceTree = "<group>";
		};
		567CE0F070DA6F62DAF18731 /* SmartMovie */ = {
			isa = PBXGroup;
			children = (
				F85CC962DB9DE1290EF2BA6D /* Assets.xcassets */,
			);
			path = SmartMovie;
			sourceTree = "<group>";
		};
		6AC4E4AE8D36B94527BA4F91 /* NativeMac */ = {
			isa = PBXGroup;
			children = (
				57029DCF0637A2303DB24217 /* SmartMovieNative.entitlements */,
				3C6A8DDA9A34E0FE61E69A96 /* SmartMovieNativeApp.swift */,
			);
			path = NativeMac;
			sourceTree = "<group>";
		};
		BC1984247610A1CA650B3688 /* Universal */ = {
			isa = PBXGroup;
			children = (
				444883642F866E9D12868F90 /* SmartMovie.entitlements */,
				A99B0E5B46B48BC1676BC2CF /* SmartMovieApp.swift */,
			);
			path = Universal;
			sourceTree = "<group>";
		};
		CF85DEB513C4AA8FAC577E05 /* Shared */ = {
			isa = PBXGroup;
			children = (
				DB92A27DD15BC2C78D87BDF2 /* AppRuntime.swift */,
			);
			path = Shared;
			sourceTree = "<group>";
		};
/* End PBXGroup section */

/* Begin PBXNativeTarget section */
		2EB3620C7CD7B75878F99317 /* SmartMovieNativeMac */ = {
			isa = PBXNativeTarget;
			buildConfigurationList = 19CBE835D7CD5C5A15411D6F /* Build configuration list for PBXNativeTarget "SmartMovieNativeMac" */;
			buildPhases = (
				5FEBE4775372FBF48EC13499 /* Sources */,
				23ADBF472132D9C984A8E0FE /* Resources */,
				E6EB8002EB84EF8A945A3A3F /* Frameworks */,
			);
			buildRules = (
			);
			dependencies = (
			);
			name = SmartMovieNativeMac;
			packageProductDependencies = (
				09D8AEDDAC9E8955DCA4F68E /* SmartMovieKit */,
			);
			productName = SmartMovieNativeMac;
			productReference = 3D88F68B4A3CEFA21827097A /* SmartMovieNativeMac.app */;
			productType = "com.apple.product-type.application";
		};
		D129ED95C082EA02DA92051A /* SmartMovie */ = {
			isa = PBXNativeTarget;
			buildConfigurationList = 5576E8F7F68FC35CA8E69A43 /* Build configuration list for PBXNativeTarget "SmartMovie" */;
			buildPhases = (
				49C13C74197DC29473B4260C /* Sources */,
				7CC98C6030214ECA7E9CD163 /* Resources */,
				5B8F3CA59067E692BD7FE1FA /* Frameworks */,
			);
			buildRules = (
			);
			dependencies = (
			);
			name = SmartMovie;
			packageProductDependencies = (
				01D2C8913C5F6A76F713FDDE /* SmartMovieKit */,
			);
			productName = SmartMovie;
			productReference = CF86635291D0B3F85B1E288B /* SmartMovie.app */;
			productType = "com.apple.product-type.application";
		};
		E73119EB32B0D7FAAD3EDAA0 /* SmartMovieTV */ = {
			isa = PBXNativeTarget;
			buildConfigurationList = BBAED5FA8A8FB1F591ABB92B /* Build configuration list for PBXNativeTarget "SmartMovieTV" */;
			buildPhases = (
				501AC3D39864426AFA80DCF2 /* Sources */,
				CFDD58C2719EA3B207EDA991 /* Resources */,
				3D9D97A0F65736D8D36D335F /* Frameworks */,
			);
			buildRules = (
			);
			dependencies = (
			);
			name = SmartMovieTV;
			packageProductDependencies = (
				164A9F72D5C8ABDC6E7AA236 /* SmartMovieKit */,
			);
			productName = SmartMovieTV;
			productReference = 5926056AF18D2AA11D553B4F /* SmartMovieTV.app */;
			productType = "com.apple.product-type.application";
		};
/* End PBXNativeTarget section */

/* Begin PBXProject section */
		04A4F8159119B02C9180BC3D /* Project object */ = {
			isa = PBXProject;
			attributes = {
				BuildIndependentTargetsInParallel = YES;
				LastUpgradeCheck = 1600;
				TargetAttributes = {
				};
			};
			buildConfigurationList = 7C5B016611F31D6BC699F38D /* Build configuration list for PBXProject "SmartMovie" */;
			developmentRegion = en;
			hasScannedForEncodings = 0;
			knownRegions = (
				Base,
				en,
			);
			mainGroup = 0DE5162C5267DF6AA51DC729;
			minimizedProjectReferenceProxies = 1;
			packageReferences = (
				E7A514D01BDB7DE839CDB6A7 /* XCLocalSwiftPackageReference "../SmartMovieKit" */,
			);
			preferredProjectObjectVersion = 77;
			productRefGroup = 044E2168BF300C7F3B484E72 /* Products */;
			projectDirPath = "";
			projectRoot = "";
			targets = (
				D129ED95C082EA02DA92051A /* SmartMovie */,
				E73119EB32B0D7FAAD3EDAA0 /* SmartMovieTV */,
				2EB3620C7CD7B75878F99317 /* SmartMovieNativeMac */,
			);
		};
/* End PBXProject section */

/* Begin PBXResourcesBuildPhase section */
		23ADBF472132D9C984A8E0FE /* Resources */ = {
			isa = PBXResourcesBuildPhase;
			buildActionMask = 2147483647;
			files = (
				CA5EDA97D089CECC4DFEF6D6 /* Assets.xcassets in Resources */,
			);
			runOnlyForDeploymentPostprocessing = 0;
		};
		7CC98C6030214ECA7E9CD163 /* Resources */ = {
			isa = PBXResourcesBuildPhase;
			buildActionMask = 2147483647;
			files = (
				FFFCCE267803DFF3F4467840 /* Assets.xcassets in Resources */,
			);
			runOnlyForDeploymentPostprocessing = 0;
		};
		CFDD58C2719EA3B207EDA991 /* Resources */ = {
			isa = PBXResourcesBuildPhase;
			buildActionMask = 2147483647;
			files = (
				67601470B470E2FA1121C77B /* Assets.xcassets in Resources */,
			);
			runOnlyForDeploymentPostprocessing = 0;
		};
/* End PBXResourcesBuildPhase section */

/* Begin PBXSourcesBuildPhase section */
		49C13C74197DC29473B4260C /* Sources */ = {
			isa = PBXSourcesBuildPhase;
			buildActionMask = 2147483647;
			files = (
				0D08A7A78CD6AAB6C4F15AB6 /* AppRuntime.swift in Sources */,
				4CC0B2F2A6FCA0D790DBB7D9 /* SmartMovieApp.swift in Sources */,
			);
			runOnlyForDeploymentPostprocessing = 0;
		};
		501AC3D39864426AFA80DCF2 /* Sources */ = {
			isa = PBXSourcesBuildPhase;
			buildActionMask = 2147483647;
			files = (
				69A5814C667A0FBA3C95947E /* AppRuntime.swift in Sources */,
				2E9D69E94322C4D4B4E7284E /* SmartMovieApp.swift in Sources */,
			);
			runOnlyForDeploymentPostprocessing = 0;
		};
		5FEBE4775372FBF48EC13499 /* Sources */ = {
			isa = PBXSourcesBuildPhase;
			buildActionMask = 2147483647;
			files = (
				1C2990DD3B872F0F8E073742 /* AppRuntime.swift in Sources */,
				3C11DF2B9D0C2B4B714B4235 /* SmartMovieNativeApp.swift in Sources */,
			);
			runOnlyForDeploymentPostprocessing = 0;
		};
/* End PBXSourcesBuildPhase section */

/* Begin XCBuildConfiguration section */
		1E725CDF0DF61AF93079F4C1 /* Release */ = {
			isa = XCBuildConfiguration;
			buildSettings = {
				ASSETCATALOG_COMPILER_APPICON_NAME = AppIcon;
				CODE_SIGN_ENTITLEMENTS = Apps/Universal/SmartMovie.entitlements;
				CODE_SIGN_IDENTITY = "iPhone Developer";
				DERIVE_MACCATALYST_PRODUCT_BUNDLE_IDENTIFIER = NO;
				ENABLE_PREVIEWS = YES;
				GENERATE_INFOPLIST_FILE = YES;
				INFOPLIST_KEY_CATALOG_BASE_URL = "$(CATALOG_BASE_URL)";
				INFOPLIST_KEY_CFBundleDisplayName = "$(PRODUCT_NAME)";
				INFOPLIST_KEY_UIApplicationSupportsIndirectInputEvents = YES;
				INFOPLIST_KEY_UISupportedInterfaceOrientations = "UIInterfaceOrientationPortrait UIInterfaceOrientationLandscapeLeft UIInterfaceOrientationLandscapeRight";
				INFOPLIST_KEY_UISupportedInterfaceOrientations_iPad = "UIInterfaceOrientationPortrait UIInterfaceOrientationPortraitUpsideDown UIInterfaceOrientationLandscapeLeft UIInterfaceOrientationLandscapeRight";
				IPHONEOS_DEPLOYMENT_TARGET = 17.0;
				LD_RUNPATH_SEARCH_PATHS = (
					"$(inherited)",
					"@executable_path/Frameworks",
				);
				PRODUCT_BUNDLE_IDENTIFIER = LamNDT.SmartMovie;
				PRODUCT_NAME = SmartMovie;
				SDKROOT = iphoneos;
				SUPPORTS_MACCATALYST = YES;
				TARGETED_DEVICE_FAMILY = "1,2";
			};
			name = Release;
		};
		648D083860BAE242D06E5C02 /* Debug */ = {
			isa = XCBuildConfiguration;
			buildSettings = {
				ASSETCATALOG_COMPILER_APPICON_NAME = AppIcon;
				CODE_SIGN_ENTITLEMENTS = Apps/Universal/SmartMovie.entitlements;
				CODE_SIGN_IDENTITY = "iPhone Developer";
				DERIVE_MACCATALYST_PRODUCT_BUNDLE_IDENTIFIER = NO;
				ENABLE_PREVIEWS = YES;
				GENERATE_INFOPLIST_FILE = YES;
				INFOPLIST_KEY_CATALOG_BASE_URL = "$(CATALOG_BASE_URL)";
				INFOPLIST_KEY_CFBundleDisplayName = "$(PRODUCT_NAME)";
				INFOPLIST_KEY_UIApplicationSupportsIndirectInputEvents = YES;
				INFOPLIST_KEY_UISupportedInterfaceOrientations = "UIInterfaceOrientationPortrait UIInterfaceOrientationLandscapeLeft UIInterfaceOrientationLandscapeRight";
				INFOPLIST_KEY_UISupportedInterfaceOrientations_iPad = "UIInterfaceOrientationPortrait UIInterfaceOrientationPortraitUpsideDown UIInterfaceOrientationLandscapeLeft UIInterfaceOrientationLandscapeRight";
				IPHONEOS_DEPLOYMENT_TARGET = 17.0;
				LD_RUNPATH_SEARCH_PATHS = (
					"$(inherited)",
					"@executable_path/Frameworks",
				);
				PRODUCT_BUNDLE_IDENTIFIER = LamNDT.SmartMovie;
				PRODUCT_NAME = SmartMovie;
				SDKROOT = iphoneos;
				SUPPORTS_MACCATALYST = YES;
				TARGETED_DEVICE_FAMILY = "1,2";
			};
			name = Debug;
		};
		652A01B2D817D58C6F94762F /* Debug */ = {
			isa = XCBuildConfiguration;
			buildSettings = {
				ALWAYS_SEARCH_USER_PATHS = NO;
				CATALOG_BASE_URL = "https://staging-catalog.smartmovie.app/";
				CLANG_ANALYZER_NONNULL = YES;
				CLANG_ANALYZER_NUMBER_OBJECT_CONVERSION = YES_AGGRESSIVE;
				CLANG_CXX_LANGUAGE_STANDARD = "gnu++14";
				CLANG_CXX_LIBRARY = "libc++";
				CLANG_ENABLE_MODULES = YES;
				CLANG_ENABLE_OBJC_ARC = YES;
				CLANG_ENABLE_OBJC_WEAK = YES;
				CLANG_WARN_BLOCK_CAPTURE_AUTORELEASING = YES;
				CLANG_WARN_BOOL_CONVERSION = YES;
				CLANG_WARN_COMMA = YES;
				CLANG_WARN_CONSTANT_CONVERSION = YES;
				CLANG_WARN_DEPRECATED_OBJC_IMPLEMENTATIONS = YES;
				CLANG_WARN_DIRECT_OBJC_ISA_USAGE = YES_ERROR;
				CLANG_WARN_DOCUMENTATION_COMMENTS = YES;
				CLANG_WARN_EMPTY_BODY = YES;
				CLANG_WARN_ENUM_CONVERSION = YES;
				CLANG_WARN_INFINITE_RECURSION = YES;
				CLANG_WARN_INT_CONVERSION = YES;
				CLANG_WARN_NON_LITERAL_NULL_CONVERSION = YES;
				CLANG_WARN_OBJC_IMPLICIT_RETAIN_SELF = YES;
				CLANG_WARN_OBJC_LITERAL_CONVERSION = YES;
				CLANG_WARN_OBJC_ROOT_CLASS = YES_ERROR;
				CLANG_WARN_QUOTED_INCLUDE_IN_FRAMEWORK_HEADER = YES;
				CLANG_WARN_RANGE_LOOP_ANALYSIS = YES;
				CLANG_WARN_STRICT_PROTOTYPES = YES;
				CLANG_WARN_SUSPICIOUS_MOVE = YES;
				CLANG_WARN_UNGUARDED_AVAILABILITY = YES_AGGRESSIVE;
				CLANG_WARN_UNREACHABLE_CODE = YES;
				CLANG_WARN__DUPLICATE_METHOD_MATCH = YES;
				COPY_PHASE_STRIP = NO;
				CURRENT_PROJECT_VERSION = 1;
				DEBUG_INFORMATION_FORMAT = dwarf;
				DEVELOPMENT_LANGUAGE = en;
				ENABLE_STRICT_OBJC_MSGSEND = YES;
				ENABLE_TESTABILITY = YES;
				ENABLE_USER_SCRIPT_SANDBOXING = YES;
				GCC_C_LANGUAGE_STANDARD = gnu11;
				GCC_DYNAMIC_NO_PIC = NO;
				GCC_NO_COMMON_BLOCKS = YES;
				GCC_OPTIMIZATION_LEVEL = 0;
				GCC_PREPROCESSOR_DEFINITIONS = (
					"$(inherited)",
					"DEBUG=1",
				);
				GCC_WARN_64_TO_32_BIT_CONVERSION = YES;
				GCC_WARN_ABOUT_RETURN_TYPE = YES_ERROR;
				GCC_WARN_UNDECLARED_SELECTOR = YES;
				GCC_WARN_UNINITIALIZED_AUTOS = YES_AGGRESSIVE;
				GCC_WARN_UNUSED_FUNCTION = YES;
				GCC_WARN_UNUSED_VARIABLE = YES;
				IPHONEOS_DEPLOYMENT_TARGET = 17.0;
				MACOSX_DEPLOYMENT_TARGET = 14.0;
				MARKETING_VERSION = 2.0.0;
				MTL_ENABLE_DEBUG_INFO = INCLUDE_SOURCE;
				MTL_FAST_MATH = YES;
				ONLY_ACTIVE_ARCH = YES;
				PRODUCT_NAME = "$(TARGET_NAME)";
				SWIFT_ACTIVE_COMPILATION_CONDITIONS = DEBUG;
				SWIFT_OPTIMIZATION_LEVEL = "-Onone";
				SWIFT_VERSION = 6.0;
				TVOS_DEPLOYMENT_TARGET = 17.0;
			};
			name = Debug;
		};
		74D7422E10A656FE33B3A3C1 /* Debug */ = {
			isa = XCBuildConfiguration;
			buildSettings = {
				ASSETCATALOG_COMPILER_APPICON_NAME = AppIcon;
				ASSETCATALOG_COMPILER_LAUNCHIMAGE_NAME = LaunchImage;
				CODE_SIGN_ENTITLEMENTS = Apps/Universal/SmartMovie.entitlements;
				ENABLE_PREVIEWS = YES;
				GENERATE_INFOPLIST_FILE = YES;
				INFOPLIST_KEY_CATALOG_BASE_URL = "$(CATALOG_BASE_URL)";
				INFOPLIST_KEY_CFBundleDisplayName = "$(PRODUCT_NAME)";
				LD_RUNPATH_SEARCH_PATHS = (
					"$(inherited)",
					"@executable_path/Frameworks",
				);
				PRODUCT_BUNDLE_IDENTIFIER = LamNDT.SmartMovie;
				PRODUCT_NAME = SmartMovie;
				SDKROOT = appletvos;
				TARGETED_DEVICE_FAMILY = 3;
				TVOS_DEPLOYMENT_TARGET = 17.0;
			};
			name = Debug;
		};
		AEAC25B2EB613EBCE6E54F94 /* Debug */ = {
			isa = XCBuildConfiguration;
			buildSettings = {
				ASSETCATALOG_COMPILER_APPICON_NAME = AppIcon;
				CODE_SIGN_ENTITLEMENTS = Apps/NativeMac/SmartMovieNative.entitlements;
				COMBINE_HIDPI_IMAGES = YES;
				ENABLE_PREVIEWS = YES;
				GENERATE_INFOPLIST_FILE = YES;
				INFOPLIST_KEY_CATALOG_BASE_URL = "$(CATALOG_BASE_URL)";
				INFOPLIST_KEY_CFBundleDisplayName = "$(PRODUCT_NAME)";
				INFOPLIST_KEY_LSApplicationCategoryType = "public.app-category.entertainment";
				LD_RUNPATH_SEARCH_PATHS = (
					"$(inherited)",
					"@executable_path/../Frameworks",
				);
				MACOSX_DEPLOYMENT_TARGET = 14.0;
				PRODUCT_BUNDLE_IDENTIFIER = LamNDT.SmartMovie.NativeMac;
				PRODUCT_NAME = "SmartMovie for Mac";
				SDKROOT = macosx;
			};
			name = Debug;
		};
		D6D2C92D07CCE96F7F0DACB7 /* Release */ = {
			isa = XCBuildConfiguration;
			buildSettings = {
				ASSETCATALOG_COMPILER_APPICON_NAME = AppIcon;
				ASSETCATALOG_COMPILER_LAUNCHIMAGE_NAME = LaunchImage;
				CODE_SIGN_ENTITLEMENTS = Apps/Universal/SmartMovie.entitlements;
				ENABLE_PREVIEWS = YES;
				GENERATE_INFOPLIST_FILE = YES;
				INFOPLIST_KEY_CATALOG_BASE_URL = "$(CATALOG_BASE_URL)";
				INFOPLIST_KEY_CFBundleDisplayName = "$(PRODUCT_NAME)";
				LD_RUNPATH_SEARCH_PATHS = (
					"$(inherited)",
					"@executable_path/Frameworks",
				);
				PRODUCT_BUNDLE_IDENTIFIER = LamNDT.SmartMovie;
				PRODUCT_NAME = SmartMovie;
				SDKROOT = appletvos;
				TARGETED_DEVICE_FAMILY = 3;
				TVOS_DEPLOYMENT_TARGET = 17.0;
			};
			name = Release;
		};
		EF103A88EBE4414A4575D761 /* Release */ = {
			isa = XCBuildConfiguration;
			buildSettings = {
				ALWAYS_SEARCH_USER_PATHS = NO;
				CATALOG_BASE_URL = "https://catalog.smartmovie.app/";
				CLANG_ANALYZER_NONNULL = YES;
				CLANG_ANALYZER_NUMBER_OBJECT_CONVERSION = YES_AGGRESSIVE;
				CLANG_CXX_LANGUAGE_STANDARD = "gnu++14";
				CLANG_CXX_LIBRARY = "libc++";
				CLANG_ENABLE_MODULES = YES;
				CLANG_ENABLE_OBJC_ARC = YES;
				CLANG_ENABLE_OBJC_WEAK = YES;
				CLANG_WARN_BLOCK_CAPTURE_AUTORELEASING = YES;
				CLANG_WARN_BOOL_CONVERSION = YES;
				CLANG_WARN_COMMA = YES;
				CLANG_WARN_CONSTANT_CONVERSION = YES;
				CLANG_WARN_DEPRECATED_OBJC_IMPLEMENTATIONS = YES;
				CLANG_WARN_DIRECT_OBJC_ISA_USAGE = YES_ERROR;
				CLANG_WARN_DOCUMENTATION_COMMENTS = YES;
				CLANG_WARN_EMPTY_BODY = YES;
				CLANG_WARN_ENUM_CONVERSION = YES;
				CLANG_WARN_INFINITE_RECURSION = YES;
				CLANG_WARN_INT_CONVERSION = YES;
				CLANG_WARN_NON_LITERAL_NULL_CONVERSION = YES;
				CLANG_WARN_OBJC_IMPLICIT_RETAIN_SELF = YES;
				CLANG_WARN_OBJC_LITERAL_CONVERSION = YES;
				CLANG_WARN_OBJC_ROOT_CLASS = YES_ERROR;
				CLANG_WARN_QUOTED_INCLUDE_IN_FRAMEWORK_HEADER = YES;
				CLANG_WARN_RANGE_LOOP_ANALYSIS = YES;
				CLANG_WARN_STRICT_PROTOTYPES = YES;
				CLANG_WARN_SUSPICIOUS_MOVE = YES;
				CLANG_WARN_UNGUARDED_AVAILABILITY = YES_AGGRESSIVE;
				CLANG_WARN_UNREACHABLE_CODE = YES;
				CLANG_WARN__DUPLICATE_METHOD_MATCH = YES;
				COPY_PHASE_STRIP = NO;
				CURRENT_PROJECT_VERSION = 1;
				DEBUG_INFORMATION_FORMAT = "dwarf-with-dsym";
				DEVELOPMENT_LANGUAGE = en;
				ENABLE_NS_ASSERTIONS = NO;
				ENABLE_STRICT_OBJC_MSGSEND = YES;
				ENABLE_USER_SCRIPT_SANDBOXING = YES;
				GCC_C_LANGUAGE_STANDARD = gnu11;
				GCC_NO_COMMON_BLOCKS = YES;
				GCC_WARN_64_TO_32_BIT_CONVERSION = YES;
				GCC_WARN_ABOUT_RETURN_TYPE = YES_ERROR;
				GCC_WARN_UNDECLARED_SELECTOR = YES;
				GCC_WARN_UNINITIALIZED_AUTOS = YES_AGGRESSIVE;
				GCC_WARN_UNUSED_FUNCTION = YES;
				GCC_WARN_UNUSED_VARIABLE = YES;
				IPHONEOS_DEPLOYMENT_TARGET = 17.0;
				MACOSX_DEPLOYMENT_TARGET = 14.0;
				MARKETING_VERSION = 2.0.0;
				MTL_ENABLE_DEBUG_INFO = NO;
				MTL_FAST_MATH = YES;
				PRODUCT_NAME = "$(TARGET_NAME)";
				SWIFT_COMPILATION_MODE = wholemodule;
				SWIFT_OPTIMIZATION_LEVEL = "-O";
				SWIFT_VERSION = 6.0;
				TVOS_DEPLOYMENT_TARGET = 17.0;
			};
			name = Release;
		};
		F998DDC3E1080759C64F5792 /* Release */ = {
			isa = XCBuildConfiguration;
			buildSettings = {
				ASSETCATALOG_COMPILER_APPICON_NAME = AppIcon;
				CODE_SIGN_ENTITLEMENTS = Apps/NativeMac/SmartMovieNative.entitlements;
				COMBINE_HIDPI_IMAGES = YES;
				ENABLE_PREVIEWS = YES;
				GENERATE_INFOPLIST_FILE = YES;
				INFOPLIST_KEY_CATALOG_BASE_URL = "$(CATALOG_BASE_URL)";
				INFOPLIST_KEY_CFBundleDisplayName = "$(PRODUCT_NAME)";
				INFOPLIST_KEY_LSApplicationCategoryType = "public.app-category.entertainment";
				LD_RUNPATH_SEARCH_PATHS = (
					"$(inherited)",
					"@executable_path/../Frameworks",
				);
				MACOSX_DEPLOYMENT_TARGET = 14.0;
				PRODUCT_BUNDLE_IDENTIFIER = LamNDT.SmartMovie.NativeMac;
				PRODUCT_NAME = "SmartMovie for Mac";
				SDKROOT = macosx;
			};
			name = Release;
		};
/* End XCBuildConfiguration section */

/* Begin XCConfigurationList section */
		19CBE835D7CD5C5A15411D6F /* Build configuration list for PBXNativeTarget "SmartMovieNativeMac" */ = {
			isa = XCConfigurationList;
			buildConfigurations = (
				AEAC25B2EB613EBCE6E54F94 /* Debug */,
				F998DDC3E1080759C64F5792 /* Release */,
			);
			defaultConfigurationIsVisible = 0;
			defaultConfigurationName = Debug;
		};
		5576E8F7F68FC35CA8E69A43 /* Build configuration list for PBXNativeTarget "SmartMovie" */ = {
			isa = XCConfigurationList;
			buildConfigurations = (
				648D083860BAE242D06E5C02 /* Debug */,
				1E725CDF0DF61AF93079F4C1 /* Release */,
			);
			defaultConfigurationIsVisible = 0;
			defaultConfigurationName = Debug;
		};
		7C5B016611F31D6BC699F38D /* Build configuration list for PBXProject "SmartMovie" */ = {
			isa = XCConfigurationList;
			buildConfigurations = (
				652A01B2D817D58C6F94762F /* Debug */,
				EF103A88EBE4414A4575D761 /* Release */,
			);
			defaultConfigurationIsVisible = 0;
			defaultConfigurationName = Debug;
		};
		BBAED5FA8A8FB1F591ABB92B /* Build configuration list for PBXNativeTarget "SmartMovieTV" */ = {
			isa = XCConfigurationList;
			buildConfigurations = (
				74D7422E10A656FE33B3A3C1 /* Debug */,
				D6D2C92D07CCE96F7F0DACB7 /* Release */,
			);
			defaultConfigurationIsVisible = 0;
			defaultConfigurationName = Debug;
		};
/* End XCConfigurationList section */

/* Begin XCLocalSwiftPackageReference section */
		E7A514D01BDB7DE839CDB6A7 /* XCLocalSwiftPackageReference "../SmartMovieKit" */ = {
			isa = XCLocalSwiftPackageReference;
			relativePath = ../SmartMovieKit;
		};
/* End XCLocalSwiftPackageReference section */

/* Begin XCSwiftPackageProductDependency section */
		01D2C8913C5F6A76F713FDDE /* SmartMovieKit */ = {
			isa = XCSwiftPackageProductDependency;
			productName = SmartMovieKit;
		};
		09D8AEDDAC9E8955DCA4F68E /* SmartMovieKit */ = {
			isa = XCSwiftPackageProductDependency;
			productName = SmartMovieKit;
		};
		164A9F72D5C8ABDC6E7AA236 /* SmartMovieKit */ = {
			isa = XCSwiftPackageProductDependency;
			productName = SmartMovieKit;
		};
/* End XCSwiftPackageProductDependency section */
	};
	rootObject = 04A4F8159119B02C9180BC3D /* Project object */;
}
